
Microsoft Visual Studio Solution File, Format Version 12.00
# Visual Studio Version 17
VisualStudioVersion = 17.4.33122.133
MinimumVisualStudioVersion = 10.0.40219.1
Project("{9A19103F-16F7-4668-BE54-9A1E7A4F7556}") = "Decorator.Api", "Decorator.Api\Decorator.Api.csproj", "{A8D37872-6588-4A5D-B1DF-4A6C1033A70D}"
EndProject
Project("{9A19103F-16F7-4668-BE54-9A1E7A4F7556}") = "Decorator.Service", "Decorator.Service\Decorator.Service.csproj", "{0B94A568-5531-4FB1-8ED6-1576CAA71034}"
EndProject
Project("{9A19103F-16F7-4668-BE54-9A1E7A4F7556}") = "Decorator.Api.Tests", "Decorator.Api.Tests\Decorator.Api.Tests.csproj", "{14CA2D5A-4CB1-4734-9A1E-F4F39C91B497}"
EndProject
Global
	GlobalSection(SolutionConfigurationPlatforms) = preSolution
		Debug|Any CPU = Debug|Any CPU
		Release|Any CPU = Release|Any CPU
	EndGlobalSection
	GlobalSection(ProjectConfigurationPlatforms) = postSolution
		{A8D37872-6588-4A5D-B1DF-4A6C1033A70D}.Debug|Any CPU.ActiveCfg = Debug|Any CPU
		{A8D37872-6588-4A5D-B1DF-4A6C1033A70D}.Debug|Any CPU.Build.0 = Debug|Any CPU
		{A8D37872-6588-4A5D-B1DF-4A6C1033A70D}.Release|Any CPU.ActiveCfg = Release|Any CPU
		{A8D37872-6588-4A5D-B1DF-4A6C1033A70D}.Release|Any CPU.Build.0 = Release|Any CPU
		{0B94A568-5531-4FB1-8ED6-1576CAA71034}.Debug|Any CPU.ActiveCfg = Debug|Any CPU
		{0B94A568-5531-4FB1-8ED6-1576CAA71034}.Debug|Any CPU.Build.0 = Debug|Any CPU
		{0B94A568-5531-4FB1-8ED6-1576CAA71034}.Release|Any CPU.ActiveCfg = Release|Any CPU
		{0B94A568-5531-4FB1-8ED6-1576CAA71034}.Release|Any CPU.Build.0 = Release|Any CPU
		{14CA2D5A-4CB1-4734-9A1E-F4F39C91B497}.Debug|Any CPU.ActiveCfg = Debug|Any CPU
		{14CA2D5A-4CB1-4734-9A1E-F4F39C91B497}.Debug|Any CPU.Build.0 = Debug|Any CPU
		{14CA2D5A-4CB1-4734-9A1E-F4F39C91B497}.Release|Any CPU.ActiveCfg = Release|Any CPU
		{14CA2D5A-4CB1-4734-9A1E-F4F39C91B497}.Release|Any CPU.Build.0 = Release|Any CPU
	EndGlobalSection
	GlobalSection(SolutionProperties) = preSolution
		HideSolutionNode = FALSE
	EndGlobalSection
	GlobalSection(ExtensibilityGlobals) = postSolution
		SolutionGuid = {286A21D4-392A-4BE4-BC24-EE67C93C5EB8}
	EndGlobalSection
EndGlobal
